// !$*UTF8*$!
{
	archiveVersion = 1;
	classes = {
	};
	objectVersion = 46;
	objects = {

/* Begin PBXBuildFile section */
		BE1E8D731F69E0EF006A7FE1 /* UIShadowableView.swift in Sources */ = {isa = PBXBuildFile; fileRef = BE1E8D721F69E0EF006A7FE1 /* UIShadowableView.swift */; };
		BE1E8D751F69E128006A7FE1 /* UIGradientView.swift in Sources */ = {isa = PBXBuildFile; fileRef = BE1E8D741F69E128006A7FE1 /* UIGradientView.swift */; };
		BE1E8D771F69E23B006A7FE1 /* UIMultilineButton.swift in Sources */ = {isa = PBXBuildFile; fileRef = BE1E8D761F69E23B006A7FE1 /* UIMultilineButton.swift */; };
		BE1FEB7D1F69C13400C24499 /* AppDelegate.swift in Sources */ = {isa = PBXBuildFile; fileRef = BE1FEB7C1F69C13400C24499 /* AppDelegate.swift */; };
		BE1FEB7F1F69C13400C24499 /* ViewController.swift in Sources */ = {isa = PBXBuildFile; fileRef = BE1FEB7E1F69C13400C24499 /* ViewController.swift */; };
		BE1FEB821F69C13400C24499 /* Main.storyboard in Resources */ = {isa = PBXBuildFile; fileRef = BE1FEB801F69C13400C24499 /* Main.storyboard */; };
		BE1FEB841F69C13400C24499 /* Assets.xcassets in Resources */ = {isa = PBXBuildFile; fileRef = BE1FEB831F69C13400C24499 /* Assets.xcassets */; };
		BE1FEB871F69C13500C24499 /* LaunchScreen.storyboard in Resources */ = {isa = PBXBuildFile; fileRef = BE1FEB851F69C13500C24499 /* LaunchScreen.storyboard */; };
		BE1FEB8F1F69C17900C24499 /* UICornerableView.swift in Sources */ = {isa = PBXBuildFile; fileRef = BE1FEB8E1F69C17900C24499 /* UICornerableView.swift */; };
/* End PBXBuildFile section */

/* Begin PBXFileReference section */
		BE1E8D721F69E0EF006A7FE1 /* UIShadowableView.swift */ = {isa = PBXFileReference; lastKnownFileType = sourcecode.swift; path = UIShadowableView.swift; sourceTree = "<group>"; };
		BE1E8D741F69E128006A7FE1 /* UIGradientView.swift */ = {isa = PBXFileReference; lastKnownFileType = sourcecode.swift; path = UIGradientView.swift; sourceTree = "<group>"; };
		BE1E8D761F69E23B006A7FE1 /* UIMultilineButton.swift */ = {isa = PBXFileReference; lastKnownFileType = sourcecode.swift; path = UIMultilineButton.swift; sourceTree = "<group>"; };
		BE1FEB791F69C13400C24499 /* AulaIBs.app */ = {isa = PBXFileReference; explicitFileType = wrapper.application; includeInIndex = 0; path = AulaIBs.app; sourceTree = BUILT_PRODUCTS_DIR; };
		BE1FEB7C1F69C13400C24499 /* AppDelegate.swift */ = {isa = PBXFileReference; lastKnownFileType = sourcecode.swift; path = AppDelegate.swift; sourceTree = "<group>"; };
		BE1FEB7E1F69C13400C24499 /* ViewController.swift */ = {isa = PBXFileReference; lastKnownFileType = sourcecode.swift; path = ViewController.swift; sourceTree = "<group>"; };
		BE1FEB811F69C13400C24499 /* Base */ = {isa = PBXFileReference; lastKnownFileType = file.storyboard; name = Base; path = Base.lproj/Main.storyboard; sourceTree = "<group>"; };
		BE1FEB831F69C13400C24499 /* Assets.xcassets */ = {isa = PBXFileReference; lastKnownFileType = folder.assetcatalog; path = Assets.xcassets; sourceTree = "<group>"; };
		BE1FEB861F69C13500C24499 /* Base */ = {isa = PBXFileReference; lastKnownFileType = file.storyboard; name = Base; path = Base.lproj/LaunchScreen.storyboard; sourceTree = "<group>"; };
		BE1FEB881F69C13500C24499 /* Info.plist */ = {isa = PBXFileReference; lastKnownFileType = text.plist.xml; path = Info.plist; sourceTree = "<group>"; };
		BE1FEB8E1F69C17900C24499 /* UICornerableView.swift */ = {isa = PBXFileReference; fileEncoding = 4; lastKnownFileType = sourcecode.swift; path = UICornerableView.swift; sourceTree = "<group>"; };
/* End PBXFileReference section */

/* Begin PBXFrameworksBuildPhase section */
		BE1FEB761F69C13400C24499 /* Frameworks */ = {
			isa = PBXFrameworksBuildPhase;
			buildActionMask = 2147483647;
			files = (
			);
			runOnlyForDeploymentPostprocessing = 0;
		};
/* End PBXFrameworksBuildPhase section */

/* Begin PBXGroup section */
		BE1E8D711F69E0D6006A7FE1 /* Designables */ = {
			isa = PBXGroup;
			children = (
				BE1FEB8E1F69C17900C24499 /* UICornerableView.swift */,
				BE1E8D721F69E0EF006A7FE1 /* UIShadowableView.swift */,
				BE1E8D741F69E128006A7FE1 /* UIGradientView.swift */,
				BE1E8D761F69E23B006A7FE1 /* UIMultilineButton.swift */,
			);
			path = Designables;
			sourceTree = "<group>";
		};
		BE1FEB701F69C13400C24499 = {
			isa = PBXGroup;
			children = (
				BE1FEB7B1F69C13400C24499 /* AulaIBs */,
				BE1FEB7A1F69C13400C24499 /* Products */,
			);
			sourceTree = "<group>";
		};
		BE1FEB7A1F69C13400C24499 /* Products */ = {
			isa = PBXGroup;
			children = (
				BE1FEB791F69C13400C24499 /* AulaIBs.app */,
			);
			name = Products;
			sourceTree = "<group>";
		};
		BE1FEB7B1F69C13400C24499 /* AulaIBs */ = {
			isa = PBXGroup;
			children = (
				BE1E8D711F69E0D6006A7FE1 /* Designables */,
				BE1FEB7C1F69C13400C24499 /* AppDelegate.swift */,
				BE1FEB7E1F69C13400C24499 /* ViewController.swift */,
				BE1FEB801F69C13400C24499 /* Main.storyboard */,
				BE1FEB831F69C13400C24499 /* Assets.xcassets */,
				BE1FEB851F69C13500C24499 /* LaunchScreen.storyboard */,
				BE1FEB881F69C13500C24499 /* Info.plist */,
			);
			path = AulaIBs;
			sourceTree = "<group>";
		};
/* End PBXGroup section */

/* Begin PBXNativeTarget section */
		BE1FEB781F69C13400C24499 /* AulaIBs */ = {
			isa = PBXNativeTarget;
			buildConfigurationList = BE1FEB8B1F69C13500C24499 /* Build configuration list for PBXNativeTarget "AulaIBs" */;
			buildPhases = (
				BE1FEB751F69C13400C24499 /* Sources */,
				BE1FEB761F69C13400C24499 /* Frameworks */,
				BE1FEB771F69C13400C24499 /* Resources */,
			);
			buildRules = (
			);
			dependencies = (
			);
			name = AulaIBs;
			productName = AulaIBs;
			productReference = BE1FEB791F69C13400C24499 /* AulaIBs.app */;
			productType = "com.apple.product-type.application";
		};
/* End PBXNativeTarget section */

/* Begin PBXProject section */
		BE1FEB711F69C13400C24499 /* Project object */ = {
			isa = PBXProject;
			attributes = {
				LastSwiftUpdateCheck = 0830;
				LastUpgradeCheck = 0830;
				ORGANIZATIONNAME = theiosdisciple;
				TargetAttributes = {
					BE1FEB781F69C13400C24499 = {
						CreatedOnToolsVersion = 8.3.3;
						ProvisioningStyle = Automatic;
					};
				};
			};
			buildConfigurationList = BE1FEB741F69C13400C24499 /* Build configuration list for PBXProject "AulaIBs" */;
			compatibilityVersion = "Xcode 3.2";
			developmentRegion = English;
			hasScannedForEncodings = 0;
			knownRegions = (
				en,
				Base,
			);
			mainGroup = BE1FEB701F69C13400C24499;
			productRefGroup = BE1FEB7A1F69C13400C24499 /* Products */;
			projectDirPath = "";
			projectRoot = "";
			targets = (
				BE1FEB781F69C13400C24499 /* AulaIBs */,
			);
		};
/* End PBXProject section */

/* Begin PBXResourcesBuildPhase section */
		BE1FEB771F69C13400C24499 /* Resources */ = {
			isa = PBXResourcesBuildPhase;
			buildActionMask = 2147483647;
			files = (
				BE1FEB871F69C13500C24499 /* LaunchScreen.storyboard in Resources */,
				BE1FEB841F69C13400C24499 /* Assets.xcassets in Resources */,
				BE1FEB821F69C13400C24499 /* Main.storyboard in Resources */,
			);
			runOnlyForDeploymentPostprocessing = 0;
		};
/* End PBXResourcesBuildPhase section */

/* Begin PBXSourcesBuildPhase section */
		BE1FEB751F69C13400C24499 /* Sources */ = {
			isa = PBXSourcesBuildPhase;
			buildActionMask = 2147483647;
			files = (
				BE1E8D731F69E0EF006A7FE1 /* UIShadowableView.swift in Sources */,
				BE1E8D771F69E23B006A7FE1 /* UIMultilineButton.swift in Sources */,
				BE1FEB7F1F69C13400C24499 /* ViewController.swift in Sources */,
				BE1FEB7D1F69C13400C24499 /* AppDelegate.swift in Sources */,
				BE1E8D751F69E128006A7FE1 /* UIGradientView.swift in Sources */,
				BE1FEB8F1F69C17900C24499 /* UICornerableView.swift in Sources */,
			);
			runOnlyForDeploymentPostprocessing = 0;
		};
/* End PBXSourcesBuildPhase section */

/* Begin PBXVariantGroup section */
		BE1FEB801F69C13400C24499 /* Main.storyboard */ = {
			isa = PBXVariantGroup;
			children = (
				BE1FEB811F69C13400C24499 /* Base */,
			);
			name = Main.storyboard;
			sourceTree = "<group>";
		};
		BE1FEB851F69C13500C24499 /* LaunchScreen.storyboard */ = {
			isa = PBXVariantGroup;
			children = (
				BE1FEB861F69C13500C24499 /* Base */,
			);
			name = LaunchScreen.storyboard;
			sourceTree = "<group>";
		};
/* End PBXVariantGroup section */

/* Begin XCBuildConfiguration section */
		BE1FEB891F69C13500C24499 /* Debug */ = {
			isa = XCBuildConfiguration;
			buildSettings = {
				ALWAYS_SEARCH_USER_PATHS = NO;
				CLANG_ANALYZER_NONNULL = YES;
				CLANG_ANALYZER_NUMBER_OBJECT_CONVERSION = YES_AGGRESSIVE;
				CLANG_CXX_LANGUAGE_STANDARD = "gnu++0x";
				CLANG_CXX_LIBRARY = "libc++";
				CLANG_ENABLE_MODULES = YES;
				CLANG_ENABLE_OBJC_ARC = YES;
				CLANG_WARN_BOOL_CONVERSION = YES;
				CLANG_WARN_CONSTANT_CONVERSION = YES;
				CLANG_WARN_DIRECT_OBJC_ISA_USAGE = YES_ERROR;
				CLANG_WARN_DOCUMENTATION_COMMENTS = YES;
				CLANG_WARN_EMPTY_BODY = YES;
				CLANG_WARN_ENUM_CONVERSION = YES;
				CLANG_WARN_INFINITE_RECURSION = YES;
				CLANG_WARN_INT_CONVERSION = YES;
				CLANG_WARN_OBJC_ROOT_CLASS = YES_ERROR;
				CLANG_WARN_SUSPICIOUS_MOVE = YES;
				CLANG_WARN_UNREACHABLE_CODE = YES;
				CLANG_WARN__DUPLICATE_METHOD_MATCH = YES;
				"CODE_SIGN_IDENTITY[sdk=iphoneos*]" = "iPhone Developer";
				COPY_PHASE_STRIP = NO;
				DEBUG_INFORMATION_FORMAT = dwarf;
				ENABLE_STRICT_OBJC_MSGSEND = YES;
				ENABLE_TESTABILITY = YES;
				GCC_C_LANGUAGE_STANDARD = gnu99;
				GCC_DYNAMIC_NO_PIC = NO;
				GCC_NO_COMMON_BLOCKS = YES;
				GCC_OPTIMIZATION_LEVEL = 0;
				GCC_PREPROCESSOR_DEFINITIONS = (
					"DEBUG=1",
					"$(inherited)",
				);
				GCC_WARN_64_TO_32_BIT_CONVERSION = YES;
				GCC_WARN_ABOUT_RETURN_TYPE = YES_ERROR;
				GCC_WARN_UNDECLARED_SELECTOR = YES;
				GCC_WARN_UNINITIALIZED_AUTOS = YES_AGGRESSIVE;
				GCC_WARN_UNUSED_FUNCTION = YES;
				GCC_WARN_UNUSED_VARIABLE = YES;
				IPHONEOS_DEPLOYMENT_TARGET = 10.3;
				MTL_ENABLE_DEBUG_INFO = YES;
				ONLY_ACTIVE_ARCH = YES;
				SDKROOT = iphoneos;
				SWIFT_ACTIVE_COMPILATION_CONDITIONS = DEBUG;
				SWIFT_OPTIMIZATION_LEVEL = "-Onone";
				TARGETED_DEVICE_FAMILY = "1,2";
			};
			name = Debug;
		};
		BE1FEB8A1F69C13500C24499 /* Release */ = {
			isa = XCBuildConfiguration;
			buildSettings = {
				ALWAYS_SEARCH_USER_PATHS = NO;
				CLANG_ANALYZER_NONNULL = YES;
				CLANG_ANALYZER_NUMBER_OBJECT_CONVERSION = YES_AGGRESSIVE;
				CLANG_CXX_LANGUAGE_STANDARD = "gnu++0x";
				CLANG_CXX_LIBRARY = "libc++";
				CLANG_ENABLE_MODULES = YES;
				CLANG_ENABLE_OBJC_ARC = YES;
				CLANG_WARN_BOOL_CONVERSION = YES;
				CLANG_WARN_CONSTANT_CONVERSION = YES;
				CLANG_WARN_DIRECT_OBJC_ISA_USAGE = YES_ERROR;
				CLANG_WARN_DOCUMENTATION_COMMENTS = YES;
				CLANG_WARN_EMPTY_BODY = YES;
				CLANG_WARN_ENUM_CONVERSION = YES;
				CLANG_WARN_INFINITE_RECURSION = YES;
				CLANG_WARN_INT_CONVERSION = YES;
				CLANG_WARN_OBJC_ROOT_CLASS = YES_ERROR;
				CLANG_WARN_SUSPICIOUS_MOVE = YES;
				CLANG_WARN_UNREACHABLE_CODE = YES;
				CLANG_WARN__DUPLICATE_METHOD_MATCH = YES;
				"CODE_SIGN_IDENTITY[sdk=iphoneos*]" = "iPhone Developer";
				COPY_PHASE_STRIP = NO;
				DEBUG_INFORMATION_FORMAT = "dwarf-with-dsym";
				ENABLE_NS_ASSERTIONS = NO;
				ENABLE_STRICT_OBJC_MSGSEND = YES;
				GCC_C_LANGUAGE_STANDARD = gnu99;
				GCC_NO_COMMON_BLOCKS = YES;
				GCC_WARN_64_TO_32_BIT_CONVERSION = YES;
				GCC_WARN_ABOUT_RETURN_TYPE = YES_ERROR;
				GCC_WARN_UNDECLARED_SELECTOR = YES;
				GCC_WARN_UNINITIALIZED_AUTOS = YES_AGGRESSIVE;
				GCC_WARN_UNUSED_FUNCTION = YES;
				GCC_WARN_UNUSED_VARIABLE = YES;
				IPHONEOS_DEPLOYMENT_TARGET = 10.3;
				MTL_ENABLE_DEBUG_INFO = NO;
				SDKROOT = iphoneos;
				SWIFT_OPTIMIZATION_LEVEL = "-Owholemodule";
				TARGETED_DEVICE_FAMILY = "1,2";
				VALIDATE_PRODUCT = YES;
			};
			name = Release;
		};
		BE1FEB8C1F69C13500C24499 /* Debug */ = {
			isa = XCBuildConfiguration;
			buildSettings = {
				ASSETCATALOG_COMPILER_APPICON_NAME = AppIcon;
				INFOPLIST_FILE = AulaIBs/Info.plist;
				LD_RUNPATH_SEARCH_PATHS = "$(inherited) @executable_path/Frameworks";
				PRODUCT_BUNDLE_IDENTIFIER = "theiosdisciple-.com.medium.AulaIBs";
				PRODUCT_NAME = "$(TARGET_NAME)";
				SWIFT_VERSION = 3.0;
			};
			name = Debug;
		};
		BE1FEB8D1F69C13500C24499 /* Release */ = {
			isa = XCBuildConfiguration;
			buildSettings = {
				ASSETCATALOG_COMPILER_APPICON_NAME = AppIcon;
				INFOPLIST_FILE = AulaIBs/Info.plist;
				LD_RUNPATH_SEARCH_PATHS = "$(inherited) @executable_path/Frameworks";
				PRODUCT_BUNDLE_IDENTIFIER = "theiosdisciple-.com.medium.AulaIBs";
				PRODUCT_NAME = "$(TARGET_NAME)";
				SWIFT_VERSION = 3.0;
			};
			name = Release;
		};
/* End XCBuildConfiguration section */

/* Begin XCConfigurationList section */
		BE1FEB741F69C13400C24499 /* Build configuration list for PBXProject "AulaIBs" */ = {
			isa = XCConfigurationList;
			buildConfigurations = (
				BE1FEB891F69C13500C24499 /* Debug */,
				BE1FEB8A1F69C13500C24499 /* Release */,
			);
			defaultConfigurationIsVisible = 0;
			defaultConfigurationName = Release;
		};
		BE1FEB8B1F69C13500C24499 /* Build configuration list for PBXNativeTarget "AulaIBs" */ = {
			isa = XCConfigurationList;
			buildConfigurations = (
				BE1FEB8C1F69C13500C24499 /* Debug */,
				BE1FEB8D1F69C13500C24499 /* Release */,
			);
			defaultConfigurationIsVisible = 0;
			defaultConfigurationName = Release;
		};
/* End XCConfigurationList section */
	};
	rootObject = BE1FEB711F69C13400C24499 /* Project object */;
}
